
Microsoft Visual Studio Solution File, Format Version 12.00
# Visual Studio Version 17
VisualStudioVersion = 17.4.33213.308
MinimumVisualStudioVersion = 10.0.40219.1
Project("{FAE04EC0-301F-11D3-BF4B-00C04F79EFBC}") = "01_connected mode", "01_connected mode\01_connected mode.csproj", "{00813635-8490-4CAB-9F9E-2F31569729DB}"
EndProject
Project("{FAE04EC0-301F-11D3-BF4B-00C04F79EFBC}") = "02_params", "02_params\02_params.csproj", "{EA0EDF0B-B3C9-41BD-BF96-955FC79554D7}"
EndProject
Project("{9A19103F-16F7-4668-BE54-9A1E7A4F7556}") = "03_Data_access_layer", "03_Data_access_layer\03_Data_access_layer.csproj", "{BECD09E0-3625-4334-80A4-49871DEA2F49}"
EndProject
Project("{9A19103F-16F7-4668-BE54-9A1E7A4F7556}") = "04_connected_wpf", "04_connected_wpf\04_connected_wpf.csproj", "{AEDCCB07-F0FC-4741-91CD-3F565142F606}"
EndProject
Project("{9A19103F-16F7-4668-BE54-9A1E7A4F7556}") = "05_Data_access", "05_Data_access\05_Data_access.csproj", "{D409FB0B-305D-4549-BBE0-7D9897ED7A51}"
EndProject
Project("{9A19103F-16F7-4668-BE54-9A1E7A4F7556}") = "06_dataAdapter", "06_dataAdapter\06_dataAdapter.csproj", "{15102348-247B-4C75-883F-AC1277EDC36A}"
EndProject
Project("{9A19103F-16F7-4668-BE54-9A1E7A4F7556}") = "07_Controls_wpf", "07_Controls_wpf\07_Controls_wpf.csproj", "{D491E0C3-442A-44D5-87C6-45DE70E83DBE}"
EndProject
Project("{FAE04EC0-301F-11D3-BF4B-00C04F79EFBC}") = "08_DB_first_mode", "01_DB_first_mode\08_DB_first_mode.csproj", "{D6CA16DA-D7D4-4027-A888-3BE9B26B8CCE}"
EndProject
Project("{FAE04EC0-301F-11D3-BF4B-00C04F79EFBC}") = "09_DB_model_first", "09_DB_model_first\09_DB_model_first.csproj", "{5069DF64-90B3-43BD-B371-5703B6E441A2}"
EndProject
Project("{FAE04EC0-301F-11D3-BF4B-00C04F79EFBC}") = "10_Code first", "10_Code first\10_Code first.csproj", "{B0C65910-AADC-4EE1-975A-F2AB2F1C2A7D}"
EndProject
Project("{FAE04EC0-301F-11D3-BF4B-00C04F79EFBC}") = "11_LoadingTypes", "11_LoadingTypes\11_LoadingTypes.csproj", "{7DF4D7AD-D8C0-4560-B979-F5F98EBD3500}"
EndProject
Project("{FAE04EC0-301F-11D3-BF4B-00C04F79EFBC}") = "12_Migrations", "12_Migrations\12_Migrations.csproj", "{70811250-97DD-4AB0-96F3-22E2108692DD}"
EndProject
Project("{FAE04EC0-301F-11D3-BF4B-00C04F79EFBC}") = "13_Fluent API", "12_Fluent API\13_Fluent API.csproj", "{DB5EAD48-ED70-4905-805C-725EB064CC1B}"
EndProject
Project("{FAE04EC0-301F-11D3-BF4B-00C04F79EFBC}") = "data_access_fluentApi", "data_access_fluentApi\data_access_fluentApi.csproj", "{52982989-0C1D-43DA-A183-F8B98A762CED}"
EndProject
Project("{FAE04EC0-301F-11D3-BF4B-00C04F79EFBC}") = "14_Fluent api wpf", "14_Fluent api wpf\14_Fluent api wpf.csproj", "{8D69A99A-E7D0-42B5-969C-C0AC07064C5E}"
EndProject
Global
	GlobalSection(SolutionConfigurationPlatforms) = preSolution
		Debug|Any CPU = Debug|Any CPU
		Release|Any CPU = Release|Any CPU
	EndGlobalSection
	GlobalSection(ProjectConfigurationPlatforms) = postSolution
		{00813635-8490-4CAB-9F9E-2F31569729DB}.Debug|Any CPU.ActiveCfg = Debug|Any CPU
		{00813635-8490-4CAB-9F9E-2F31569729DB}.Debug|Any CPU.Build.0 = Debug|Any CPU
		{00813635-8490-4CAB-9F9E-2F31569729DB}.Release|Any CPU.ActiveCfg = Release|Any CPU
		{00813635-8490-4CAB-9F9E-2F31569729DB}.Release|Any CPU.Build.0 = Release|Any CPU
		{EA0EDF0B-B3C9-41BD-BF96-955FC79554D7}.Debug|Any CPU.ActiveCfg = Debug|Any CPU
		{EA0EDF0B-B3C9-41BD-BF96-955FC79554D7}.Debug|Any CPU.Build.0 = Debug|Any CPU
		{EA0EDF0B-B3C9-41BD-BF96-955FC79554D7}.Release|Any CPU.ActiveCfg = Release|Any CPU
		{EA0EDF0B-B3C9-41BD-BF96-955FC79554D7}.Release|Any CPU.Build.0 = Release|Any CPU
		{BECD09E0-3625-4334-80A4-49871DEA2F49}.Debug|Any CPU.ActiveCfg = Debug|Any CPU
		{BECD09E0-3625-4334-80A4-49871DEA2F49}.Debug|Any CPU.Build.0 = Debug|Any CPU
		{BECD09E0-3625-4334-80A4-49871DEA2F49}.Release|Any CPU.ActiveCfg = Release|Any CPU
		{BECD09E0-3625-4334-80A4-49871DEA2F49}.Release|Any CPU.Build.0 = Release|Any CPU
		{AEDCCB07-F0FC-4741-91CD-3F565142F606}.Debug|Any CPU.ActiveCfg = Debug|Any CPU
		{AEDCCB07-F0FC-4741-91CD-3F565142F606}.Debug|Any CPU.Build.0 = Debug|Any CPU
		{AEDCCB07-F0FC-4741-91CD-3F565142F606}.Release|Any CPU.ActiveCfg = Release|Any CPU
		{AEDCCB07-F0FC-4741-91CD-3F565142F606}.Release|Any CPU.Build.0 = Release|Any CPU
		{D409FB0B-305D-4549-BBE0-7D9897ED7A51}.Debug|Any CPU.ActiveCfg = Debug|Any CPU
		{D409FB0B-305D-4549-BBE0-7D9897ED7A51}.Debug|Any CPU.Build.0 = Debug|Any CPU
		{D409FB0B-305D-4549-BBE0-7D9897ED7A51}.Release|Any CPU.ActiveCfg = Release|Any CPU
		{D409FB0B-305D-4549-BBE0-7D9897ED7A51}.Release|Any CPU.Build.0 = Release|Any CPU
		{15102348-247B-4C75-883F-AC1277EDC36A}.Debug|Any CPU.ActiveCfg = Debug|Any CPU
		{15102348-247B-4C75-883F-AC1277EDC36A}.Debug|Any CPU.Build.0 = Debug|Any CPU
		{15102348-247B-4C75-883F-AC1277EDC36A}.Release|Any CPU.ActiveCfg = Release|Any CPU
		{15102348-247B-4C75-883F-AC1277EDC36A}.Release|Any CPU.Build.0 = Release|Any CPU
		{D491E0C3-442A-44D5-87C6-45DE70E83DBE}.Debug|Any CPU.ActiveCfg = Debug|Any CPU
		{D491E0C3-442A-44D5-87C6-45DE70E83DBE}.Debug|Any CPU.Build.0 = Debug|Any CPU
		{D491E0C3-442A-44D5-87C6-45DE70E83DBE}.Release|Any CPU.ActiveCfg = Release|Any CPU
		{D491E0C3-442A-44D5-87C6-45DE70E83DBE}.Release|Any CPU.Build.0 = Release|Any CPU
		{D6CA16DA-D7D4-4027-A888-3BE9B26B8CCE}.Debug|Any CPU.ActiveCfg = Debug|Any CPU
		{D6CA16DA-D7D4-4027-A888-3BE9B26B8CCE}.Debug|Any CPU.Build.0 = Debug|Any CPU
		{D6CA16DA-D7D4-4027-A888-3BE9B26B8CCE}.Release|Any CPU.ActiveCfg = Release|Any CPU
		{D6CA16DA-D7D4-4027-A888-3BE9B26B8CCE}.Release|Any CPU.Build.0 = Release|Any CPU
		{5069DF64-90B3-43BD-B371-5703B6E441A2}.Debug|Any CPU.ActiveCfg = Debug|Any CPU
		{5069DF64-90B3-43BD-B371-5703B6E441A2}.Debug|Any CPU.Build.0 = Debug|Any CPU
		{5069DF64-90B3-43BD-B371-5703B6E441A2}.Release|Any CPU.ActiveCfg = Release|Any CPU
		{5069DF64-90B3-43BD-B371-5703B6E441A2}.Release|Any CPU.Build.0 = Release|Any CPU
		{B0C65910-AADC-4EE1-975A-F2AB2F1C2A7D}.Debug|Any CPU.ActiveCfg = Debug|Any CPU
		{B0C65910-AADC-4EE1-975A-F2AB2F1C2A7D}.Debug|Any CPU.Build.0 = Debug|Any CPU
		{B0C65910-AADC-4EE1-975A-F2AB2F1C2A7D}.Release|Any CPU.ActiveCfg = Release|Any CPU
		{B0C65910-AADC-4EE1-975A-F2AB2F1C2A7D}.Release|Any CPU.Build.0 = Release|Any CPU
		{7DF4D7AD-D8C0-4560-B979-F5F98EBD3500}.Debug|Any CPU.ActiveCfg = Debug|Any CPU
		{7DF4D7AD-D8C0-4560-B979-F5F98EBD3500}.Debug|Any CPU.Build.0 = Debug|Any CPU
		{7DF4D7AD-D8C0-4560-B979-F5F98EBD3500}.Release|Any CPU.ActiveCfg = Release|Any CPU
		{7DF4D7AD-D8C0-4560-B979-F5F98EBD3500}.Release|Any CPU.Build.0 = Release|Any CPU
		{70811250-97DD-4AB0-96F3-22E2108692DD}.Debug|Any CPU.ActiveCfg = Debug|Any CPU
		{70811250-97DD-4AB0-96F3-22E2108692DD}.Debug|Any CPU.Build.0 = Debug|Any CPU
		{70811250-97DD-4AB0-96F3-22E2108692DD}.Release|Any CPU.ActiveCfg = Release|Any CPU
		{70811250-97DD-4AB0-96F3-22E2108692DD}.Release|Any CPU.Build.0 = Release|Any CPU
		{DB5EAD48-ED70-4905-805C-725EB064CC1B}.Debug|Any CPU.ActiveCfg = Debug|Any CPU
		{DB5EAD48-ED70-4905-805C-725EB064CC1B}.Debug|Any CPU.Build.0 = Debug|Any CPU
		{DB5EAD48-ED70-4905-805C-725EB064CC1B}.Release|Any CPU.ActiveCfg = Release|Any CPU
		{DB5EAD48-ED70-4905-805C-725EB064CC1B}.Release|Any CPU.Build.0 = Release|Any CPU
		{52982989-0C1D-43DA-A183-F8B98A762CED}.Debug|Any CPU.ActiveCfg = Debug|Any CPU
		{52982989-0C1D-43DA-A183-F8B98A762CED}.Debug|Any CPU.Build.0 = Debug|Any CPU
		{52982989-0C1D-43DA-A183-F8B98A762CED}.Release|Any CPU.ActiveCfg = Release|Any CPU
		{52982989-0C1D-43DA-A183-F8B98A762CED}.Release|Any CPU.Build.0 = Release|Any CPU
		{8D69A99A-E7D0-42B5-969C-C0AC07064C5E}.Debug|Any CPU.ActiveCfg = Debug|Any CPU
		{8D69A99A-E7D0-42B5-969C-C0AC07064C5E}.Debug|Any CPU.Build.0 = Debug|Any CPU
		{8D69A99A-E7D0-42B5-969C-C0AC07064C5E}.Release|Any CPU.ActiveCfg = Release|Any CPU
		{8D69A99A-E7D0-42B5-969C-C0AC07064C5E}.Release|Any CPU.Build.0 = Release|Any CPU
	EndGlobalSection
	GlobalSection(SolutionProperties) = preSolution
		HideSolutionNode = FALSE
	EndGlobalSection
	GlobalSection(ExtensibilityGlobals) = postSolution
		SolutionGuid = {87C1EA33-CD28-478E-A725-67D7AA872FF2}
	EndGlobalSection
EndGlobal
